
Microsoft Visual Studio Solution File, Format Version 12.00
# Visual Studio Version 17
VisualStudioVersion = 17.4.33205.214
MinimumVisualStudioVersion = 10.0.40219.1
Project("{FAE04EC0-301F-11D3-BF4B-00C04F79EFBC}") = "FizzBuzz.Tests", "FizzBuzz.Tests\FizzBuzz.Tests.csproj", "{36769F9F-3673-4B6D-84C6-6DFA7C620F94}"
EndProject
Project("{FAE04EC0-301F-11D3-BF4B-00C04F79EFBC}") = "FizzBuzz", "FizzBuzz\FizzBuzz.csproj", "{29BE4762-A758-487A-90D3-76511969B485}"
EndProject
Global
	GlobalSection(SolutionConfigurationPlatforms) = preSolution
		Debug|Any CPU = Debug|Any CPU
		Release|Any CPU = Release|Any CPU
	EndGlobalSection
	GlobalSection(ProjectConfigurationPlatforms) = postSolution
		{36769F9F-3673-4B6D-84C6-6DFA7C620F94}.Debug|Any CPU.ActiveCfg = Debug|Any CPU
		{36769F9F-3673-4B6D-84C6-6DFA7C620F94}.Debug|Any CPU.Build.0 = Debug|Any CPU
		{36769F9F-3673-4B6D-84C6-6DFA7C620F94}.Release|Any CPU.ActiveCfg = Release|Any CPU
		{36769F9F-3673-4B6D-84C6-6DFA7C620F94}.Release|Any CPU.Build.0 = Release|Any CPU
		{29BE4762-A758-487A-90D3-76511969B485}.Debug|Any CPU.ActiveCfg = Debug|Any CPU
		{29BE4762-A758-487A-90D3-76511969B485}.Debug|Any CPU.Build.0 = Debug|Any CPU
		{29BE4762-A758-487A-90D3-76511969B485}.Release|Any CPU.ActiveCfg = Release|Any CPU
		{29BE4762-A758-487A-90D3-76511969B485}.Release|Any CPU.Build.0 = Release|Any CPU
	EndGlobalSection
	GlobalSection(SolutionProperties) = preSolution
		HideSolutionNode = FALSE
	EndGlobalSection
	GlobalSection(ExtensibilityGlobals) = postSolution
		SolutionGuid = {3BBE6D62-562A-48F4-BFB9-1C3F71C232B0}
	EndGlobalSection
EndGlobal
